// !$*UTF8*$!
{
	archiveVersion = 1;
	classes = {
	};
	objectVersion = 50;
	objects = {

/* Begin PBXBuildFile section */
		058AA400AE05528CCCDECF94 /* Pods_nubankDailyLimitWidget.framework in Frameworks */ = {isa = PBXBuildFile; fileRef = 848B3CB4E94FEF8C8C44FD2C /* Pods_nubankDailyLimitWidget.framework */; };
		0716DF662128865500D67504 /* AppDelegate.swift in Sources */ = {isa = PBXBuildFile; fileRef = 0716DF652128865500D67504 /* AppDelegate.swift */; };
		0716DF682128865500D67504 /* ChooseLimitViewController.swift in Sources */ = {isa = PBXBuildFile; fileRef = 0716DF672128865500D67504 /* ChooseLimitViewController.swift */; };
		0716DF6B2128865500D67504 /* Main.storyboard in Resources */ = {isa = PBXBuildFile; fileRef = 0716DF692128865500D67504 /* Main.storyboard */; };
		0716DF6D2128865700D67504 /* Assets.xcassets in Resources */ = {isa = PBXBuildFile; fileRef = 0716DF6C2128865700D67504 /* Assets.xcassets */; };
		0716DF702128865700D67504 /* LaunchScreen.storyboard in Resources */ = {isa = PBXBuildFile; fileRef = 0716DF6E2128865700D67504 /* LaunchScreen.storyboard */; };
		0716DF7B21288B2900D67504 /* BudgetServices.swift in Sources */ = {isa = PBXBuildFile; fileRef = 0716DF7A21288B2900D67504 /* BudgetServices.swift */; };
		0716DF7E21288B7C00D67504 /* Calendar+Extension.swift in Sources */ = {isa = PBXBuildFile; fileRef = 0716DF7D21288B7C00D67504 /* Calendar+Extension.swift */; };
		0716DF802129B2C800D67504 /* NubankServices.swift in Sources */ = {isa = PBXBuildFile; fileRef = 0716DF7F2129B2C800D67504 /* NubankServices.swift */; };
		0716DF822129B53300D67504 /* NubankPlannerError.swift in Sources */ = {isa = PBXBuildFile; fileRef = 0716DF812129B53300D67504 /* NubankPlannerError.swift */; };
		0716DF842129B8E000D67504 /* LoginViewController.swift in Sources */ = {isa = PBXBuildFile; fileRef = 0716DF832129B8E000D67504 /* LoginViewController.swift */; };
		0716DF862129BF4100D67504 /* UIViewController+Extension.swift in Sources */ = {isa = PBXBuildFile; fileRef = 0716DF852129BF4100D67504 /* UIViewController+Extension.swift */; };
		0716DF902129C37200D67504 /* NotificationCenter.framework in Frameworks */ = {isa = PBXBuildFile; fileRef = 0716DF8F2129C37200D67504 /* NotificationCenter.framework */; };
		0716DF932129C37200D67504 /* DailyBudgetWidgetController.swift in Sources */ = {isa = PBXBuildFile; fileRef = 0716DF922129C37200D67504 /* DailyBudgetWidgetController.swift */; };
		0716DF962129C37200D67504 /* MainInterface.storyboard in Resources */ = {isa = PBXBuildFile; fileRef = 0716DF942129C37200D67504 /* MainInterface.storyboard */; };
		0716DF9A2129C37200D67504 /* budgetWidget.appex in Embed App Extensions */ = {isa = PBXBuildFile; fileRef = 0716DF8D2129C37200D67504 /* budgetWidget.appex */; settings = {ATTRIBUTES = (RemoveHeadersOnCopy, ); }; };
		0761A0E2212DFCD400C91C66 /* Constants.swift in Sources */ = {isa = PBXBuildFile; fileRef = 0761A0E1212DFCD400C91C66 /* Constants.swift */; };
		0761A0E4212DFD7300C91C66 /* UserDefaults+Extension.swift in Sources */ = {isa = PBXBuildFile; fileRef = 0761A0E3212DFD7300C91C66 /* UserDefaults+Extension.swift */; };
		0761A0E5212DFE2900C91C66 /* UserDefaults+Extension.swift in Sources */ = {isa = PBXBuildFile; fileRef = 0761A0E3212DFD7300C91C66 /* UserDefaults+Extension.swift */; };
		0761A0E6212DFE3200C91C66 /* Constants.swift in Sources */ = {isa = PBXBuildFile; fileRef = 0761A0E1212DFCD400C91C66 /* Constants.swift */; };
		0769CEB92129C85B0035AC22 /* Calendar+Extension.swift in Sources */ = {isa = PBXBuildFile; fileRef = 0716DF7D21288B7C00D67504 /* Calendar+Extension.swift */; };
		0769CEBA2129C8600035AC22 /* BudgetServices.swift in Sources */ = {isa = PBXBuildFile; fileRef = 0716DF7A21288B2900D67504 /* BudgetServices.swift */; };
		0769CEBB2129C8600035AC22 /* NubankServices.swift in Sources */ = {isa = PBXBuildFile; fileRef = 0716DF7F2129B2C800D67504 /* NubankServices.swift */; };
		0769CEBC2129C96D0035AC22 /* NubankPlannerError.swift in Sources */ = {isa = PBXBuildFile; fileRef = 0716DF812129B53300D67504 /* NubankPlannerError.swift */; };
		0769CEC1212A11A60035AC22 /* Purchase.swift in Sources */ = {isa = PBXBuildFile; fileRef = 0769CEC0212A11A60035AC22 /* Purchase.swift */; };
		0769CEC2212A12010035AC22 /* Purchase.swift in Sources */ = {isa = PBXBuildFile; fileRef = 0769CEC0212A11A60035AC22 /* Purchase.swift */; };
		0769CEC4212A121E0035AC22 /* QueueManager.swift in Sources */ = {isa = PBXBuildFile; fileRef = 0769CEC3212A121E0035AC22 /* QueueManager.swift */; };
		0769CEC7212A19070035AC22 /* URLSession+Extension.swift in Sources */ = {isa = PBXBuildFile; fileRef = 0769CEC6212A19070035AC22 /* URLSession+Extension.swift */; };
		0769CEC8212A19710035AC22 /* UIViewController+Extension.swift in Sources */ = {isa = PBXBuildFile; fileRef = 0716DF852129BF4100D67504 /* UIViewController+Extension.swift */; };
		0769CEC9212A19740035AC22 /* URLSession+Extension.swift in Sources */ = {isa = PBXBuildFile; fileRef = 0769CEC6212A19070035AC22 /* URLSession+Extension.swift */; };
		0769CECA212A197B0035AC22 /* QueueManager.swift in Sources */ = {isa = PBXBuildFile; fileRef = 0769CEC3212A121E0035AC22 /* QueueManager.swift */; };
		0769CECC212A20CD0035AC22 /* NubankServer.swift in Sources */ = {isa = PBXBuildFile; fileRef = 0769CECB212A20CD0035AC22 /* NubankServer.swift */; };
		0769CECD212A21050035AC22 /* NubankServer.swift in Sources */ = {isa = PBXBuildFile; fileRef = 0769CECB212A20CD0035AC22 /* NubankServer.swift */; };
		0769CECF212A218C0035AC22 /* HTTPRequestManager.swift in Sources */ = {isa = PBXBuildFile; fileRef = 0769CECE212A218C0035AC22 /* HTTPRequestManager.swift */; };
		0769CED0212A40BD0035AC22 /* HTTPRequestManager.swift in Sources */ = {isa = PBXBuildFile; fileRef = 0769CECE212A218C0035AC22 /* HTTPRequestManager.swift */; };
		0769CED4212B5D660035AC22 /* ResponseParserManager.swift in Sources */ = {isa = PBXBuildFile; fileRef = 0769CED3212B5D660035AC22 /* ResponseParserManager.swift */; };
		0769CED6212C3DDB0035AC22 /* RequestParserManager.swift in Sources */ = {isa = PBXBuildFile; fileRef = 0769CED5212C3DDB0035AC22 /* RequestParserManager.swift */; };
		0769CED7212C40CD0035AC22 /* ResponseParserManager.swift in Sources */ = {isa = PBXBuildFile; fileRef = 0769CED3212B5D660035AC22 /* ResponseParserManager.swift */; };
		0769CED8212C40CF0035AC22 /* RequestParserManager.swift in Sources */ = {isa = PBXBuildFile; fileRef = 0769CED5212C3DDB0035AC22 /* RequestParserManager.swift */; };
		0769CEDA212C4E630035AC22 /* SessionData.swift in Sources */ = {isa = PBXBuildFile; fileRef = 0769CED9212C4E630035AC22 /* SessionData.swift */; };
		0769CEDB212C4EB10035AC22 /* SessionData.swift in Sources */ = {isa = PBXBuildFile; fileRef = 0769CED9212C4E630035AC22 /* SessionData.swift */; };
		FBC67E0C0D6CFD085A5AF0C5 /* Pods_budgetWidget.framework in Frameworks */ = {isa = PBXBuildFile; fileRef = 13F50A94534CE26D0D1DD706 /* Pods_budgetWidget.framework */; };
/* End PBXBuildFile section */

/* Begin PBXContainerItemProxy section */
		0716DF982129C37200D67504 /* PBXContainerItemProxy */ = {
			isa = PBXContainerItemProxy;
			containerPortal = 0716DF5A2128865500D67504 /* Project object */;
			proxyType = 1;
			remoteGlobalIDString = 0716DF8C2129C37200D67504;
			remoteInfo = budgetWidget;
		};
/* End PBXContainerItemProxy section */

/* Begin PBXCopyFilesBuildPhase section */
		0716DF9E2129C37200D67504 /* Embed App Extensions */ = {
			isa = PBXCopyFilesBuildPhase;
			buildActionMask = 2147483647;
			dstPath = "";
			dstSubfolderSpec = 13;
			files = (
				0716DF9A2129C37200D67504 /* budgetWidget.appex in Embed App Extensions */,
			);
			name = "Embed App Extensions";
			runOnlyForDeploymentPostprocessing = 0;
		};
/* End PBXCopyFilesBuildPhase section */

/* Begin PBXFileReference section */
		0716DF622128865500D67504 /* nubankDailyLimitWidget.app */ = {isa = PBXFileReference; explicitFileType = wrapper.application; includeInIndex = 0; path = nubankDailyLimitWidget.app; sourceTree = BUILT_PRODUCTS_DIR; };
		0716DF652128865500D67504 /* AppDelegate.swift */ = {isa = PBXFileReference; lastKnownFileType = sourcecode.swift; path = AppDelegate.swift; sourceTree = "<group>"; };
		0716DF672128865500D67504 /* ChooseLimitViewController.swift */ = {isa = PBXFileReference; lastKnownFileType = sourcecode.swift; path = ChooseLimitViewController.swift; sourceTree = "<group>"; };
		0716DF6A2128865500D67504 /* Base */ = {isa = PBXFileReference; lastKnownFileType = file.storyboard; name = Base; path = Base.lproj/Main.storyboard; sourceTree = "<group>"; };
		0716DF6C2128865700D67504 /* Assets.xcassets */ = {isa = PBXFileReference; lastKnownFileType = folder.assetcatalog; path = Assets.xcassets; sourceTree = "<group>"; };
		0716DF6F2128865700D67504 /* Base */ = {isa = PBXFileReference; lastKnownFileType = file.storyboard; name = Base; path = Base.lproj/LaunchScreen.storyboard; sourceTree = "<group>"; };
		0716DF712128865700D67504 /* Info.plist */ = {isa = PBXFileReference; lastKnownFileType = text.plist.xml; path = Info.plist; sourceTree = "<group>"; };
		0716DF7A21288B2900D67504 /* BudgetServices.swift */ = {isa = PBXFileReference; lastKnownFileType = sourcecode.swift; path = BudgetServices.swift; sourceTree = "<group>"; };
		0716DF7D21288B7C00D67504 /* Calendar+Extension.swift */ = {isa = PBXFileReference; lastKnownFileType = sourcecode.swift; path = "Calendar+Extension.swift"; sourceTree = "<group>"; };
		0716DF7F2129B2C800D67504 /* NubankServices.swift */ = {isa = PBXFileReference; lastKnownFileType = sourcecode.swift; path = NubankServices.swift; sourceTree = "<group>"; };
		0716DF812129B53300D67504 /* NubankPlannerError.swift */ = {isa = PBXFileReference; lastKnownFileType = sourcecode.swift; path = NubankPlannerError.swift; sourceTree = "<group>"; };
		0716DF832129B8E000D67504 /* LoginViewController.swift */ = {isa = PBXFileReference; lastKnownFileType = sourcecode.swift; path = LoginViewController.swift; sourceTree = "<group>"; };
		0716DF852129BF4100D67504 /* UIViewController+Extension.swift */ = {isa = PBXFileReference; lastKnownFileType = sourcecode.swift; path = "UIViewController+Extension.swift"; sourceTree = "<group>"; };
		0716DF8D2129C37200D67504 /* budgetWidget.appex */ = {isa = PBXFileReference; explicitFileType = "wrapper.app-extension"; includeInIndex = 0; path = budgetWidget.appex; sourceTree = BUILT_PRODUCTS_DIR; };
		0716DF8F2129C37200D67504 /* NotificationCenter.framework */ = {isa = PBXFileReference; lastKnownFileType = wrapper.framework; name = NotificationCenter.framework; path = System/Library/Frameworks/NotificationCenter.framework; sourceTree = SDKROOT; };
		0716DF922129C37200D67504 /* DailyBudgetWidgetController.swift */ = {isa = PBXFileReference; lastKnownFileType = sourcecode.swift; path = DailyBudgetWidgetController.swift; sourceTree = "<group>"; };
		0716DF952129C37200D67504 /* Base */ = {isa = PBXFileReference; lastKnownFileType = file.storyboard; name = Base; path = Base.lproj/MainInterface.storyboard; sourceTree = "<group>"; };
		0716DF972129C37200D67504 /* Info.plist */ = {isa = PBXFileReference; lastKnownFileType = text.plist.xml; path = Info.plist; sourceTree = "<group>"; };
		0761A0E1212DFCD400C91C66 /* Constants.swift */ = {isa = PBXFileReference; lastKnownFileType = sourcecode.swift; path = Constants.swift; sourceTree = "<group>"; };
		0761A0E3212DFD7300C91C66 /* UserDefaults+Extension.swift */ = {isa = PBXFileReference; lastKnownFileType = sourcecode.swift; path = "UserDefaults+Extension.swift"; sourceTree = "<group>"; };
		0769CEBD2129CB0B0035AC22 /* nubankDailyLimitWidget.entitlements */ = {isa = PBXFileReference; lastKnownFileType = text.plist.entitlements; path = nubankDailyLimitWidget.entitlements; sourceTree = "<group>"; };
		0769CEBE2129CB330035AC22 /* budgetWidget.entitlements */ = {isa = PBXFileReference; lastKnownFileType = text.plist.entitlements; path = budgetWidget.entitlements; sourceTree = "<group>"; };
		0769CEC0212A11A60035AC22 /* Purchase.swift */ = {isa = PBXFileReference; lastKnownFileType = sourcecode.swift; path = Purchase.swift; sourceTree = "<group>"; };
		0769CEC3212A121E0035AC22 /* QueueManager.swift */ = {isa = PBXFileReference; lastKnownFileType = sourcecode.swift; path = QueueManager.swift; sourceTree = "<group>"; };
		0769CEC6212A19070035AC22 /* URLSession+Extension.swift */ = {isa = PBXFileReference; lastKnownFileType = sourcecode.swift; path = "URLSession+Extension.swift"; sourceTree = "<group>"; };
		0769CECB212A20CD0035AC22 /* NubankServer.swift */ = {isa = PBXFileReference; lastKnownFileType = sourcecode.swift; path = NubankServer.swift; sourceTree = "<group>"; };
		0769CECE212A218C0035AC22 /* HTTPRequestManager.swift */ = {isa = PBXFileReference; lastKnownFileType = sourcecode.swift; path = HTTPRequestManager.swift; sourceTree = "<group>"; };
		0769CED3212B5D660035AC22 /* ResponseParserManager.swift */ = {isa = PBXFileReference; lastKnownFileType = sourcecode.swift; path = ResponseParserManager.swift; sourceTree = "<group>"; };
		0769CED5212C3DDB0035AC22 /* RequestParserManager.swift */ = {isa = PBXFileReference; lastKnownFileType = sourcecode.swift; path = RequestParserManager.swift; sourceTree = "<group>"; };
		0769CED9212C4E630035AC22 /* SessionData.swift */ = {isa = PBXFileReference; lastKnownFileType = sourcecode.swift; path = SessionData.swift; sourceTree = "<group>"; };
		13F50A94534CE26D0D1DD706 /* Pods_budgetWidget.framework */ = {isa = PBXFileReference; explicitFileType = wrapper.framework; includeInIndex = 0; path = Pods_budgetWidget.framework; sourceTree = BUILT_PRODUCTS_DIR; };
		37A4FB7CD831731F50CBD003 /* Pods-budgetWidget.release.xcconfig */ = {isa = PBXFileReference; includeInIndex = 1; lastKnownFileType = text.xcconfig; name = "Pods-budgetWidget.release.xcconfig"; path = "Pods/Target Support Files/Pods-budgetWidget/Pods-budgetWidget.release.xcconfig"; sourceTree = "<group>"; };
		848B3CB4E94FEF8C8C44FD2C /* Pods_nubankDailyLimitWidget.framework */ = {isa = PBXFileReference; explicitFileType = wrapper.framework; includeInIndex = 0; path = Pods_nubankDailyLimitWidget.framework; sourceTree = BUILT_PRODUCTS_DIR; };
		8E592C0DD37CBB14FB447FE9 /* Pods-budgetWidget.debug.xcconfig */ = {isa = PBXFileReference; includeInIndex = 1; lastKnownFileType = text.xcconfig; name = "Pods-budgetWidget.debug.xcconfig"; path = "Pods/Target Support Files/Pods-budgetWidget/Pods-budgetWidget.debug.xcconfig"; sourceTree = "<group>"; };
		90067BDF6BC27C9E557FC03F /* Pods-nubankDailyLimitWidget.release.xcconfig */ = {isa = PBXFileReference; includeInIndex = 1; lastKnownFileType = text.xcconfig; name = "Pods-nubankDailyLimitWidget.release.xcconfig"; path = "Pods/Target Support Files/Pods-nubankDailyLimitWidget/Pods-nubankDailyLimitWidget.release.xcconfig"; sourceTree = "<group>"; };
		DF66EE627B84683B484557EB /* Pods-nubankDailyLimitWidget.debug.xcconfig */ = {isa = PBXFileReference; includeInIndex = 1; lastKnownFileType = text.xcconfig; name = "Pods-nubankDailyLimitWidget.debug.xcconfig"; path = "Pods/Target Support Files/Pods-nubankDailyLimitWidget/Pods-nubankDailyLimitWidget.debug.xcconfig"; sourceTree = "<group>"; };
/* End PBXFileReference section */

/* Begin PBXFrameworksBuildPhase section */
		0716DF5F2128865500D67504 /* Frameworks */ = {
			isa = PBXFrameworksBuildPhase;
			buildActionMask = 2147483647;
			files = (
				058AA400AE05528CCCDECF94 /* Pods_nubankDailyLimitWidget.framework in Frameworks */,
			);
			runOnlyForDeploymentPostprocessing = 0;
		};
		0716DF8A2129C37200D67504 /* Frameworks */ = {
			isa = PBXFrameworksBuildPhase;
			buildActionMask = 2147483647;
			files = (
				0716DF902129C37200D67504 /* NotificationCenter.framework in Frameworks */,
				FBC67E0C0D6CFD085A5AF0C5 /* Pods_budgetWidget.framework in Frameworks */,
			);
			runOnlyForDeploymentPostprocessing = 0;
		};
/* End PBXFrameworksBuildPhase section */

/* Begin PBXGroup section */
		0716DF592128865500D67504 = {
			isa = PBXGroup;
			children = (
				0761A0E1212DFCD400C91C66 /* Constants.swift */,
				0769CEBF212A11990035AC22 /* Model */,
				0716DF7921288A7F00D67504 /* Mechanisms */,
				0716DF812129B53300D67504 /* NubankPlannerError.swift */,
				0716DF7821288A7900D67504 /* Services */,
				0716DF642128865500D67504 /* nubankDailyLimitWidget */,
				0716DF912129C37200D67504 /* budgetWidget */,
				0716DF8E2129C37200D67504 /* Frameworks */,
				0716DF632128865500D67504 /* Products */,
				6152829A80608B2178E67483 /* Pods */,
			);
			sourceTree = "<group>";
		};
		0716DF632128865500D67504 /* Products */ = {
			isa = PBXGroup;
			children = (
				0716DF622128865500D67504 /* nubankDailyLimitWidget.app */,
				0716DF8D2129C37200D67504 /* budgetWidget.appex */,
			);
			name = Products;
			sourceTree = "<group>";
		};
		0716DF642128865500D67504 /* nubankDailyLimitWidget */ = {
			isa = PBXGroup;
			children = (
				0769CEBD2129CB0B0035AC22 /* nubankDailyLimitWidget.entitlements */,
				0716DF7721288A7400D67504 /* Presentation */,
				0716DF652128865500D67504 /* AppDelegate.swift */,
				0716DF6C2128865700D67504 /* Assets.xcassets */,
				0716DF6E2128865700D67504 /* LaunchScreen.storyboard */,
				0716DF712128865700D67504 /* Info.plist */,
			);
			path = nubankDailyLimitWidget;
			sourceTree = "<group>";
		};
		0716DF7721288A7400D67504 /* Presentation */ = {
			isa = PBXGroup;
			children = (
				0716DF692128865500D67504 /* Main.storyboard */,
				0716DF672128865500D67504 /* ChooseLimitViewController.swift */,
				0716DF832129B8E000D67504 /* LoginViewController.swift */,
			);
			path = Presentation;
			sourceTree = "<group>";
		};
		0716DF7821288A7900D67504 /* Services */ = {
			isa = PBXGroup;
			children = (
				0716DF7A21288B2900D67504 /* BudgetServices.swift */,
				0716DF7F2129B2C800D67504 /* NubankServices.swift */,
			);
			path = Services;
			sourceTree = "<group>";
		};
		0716DF7921288A7F00D67504 /* Mechanisms */ = {
			isa = PBXGroup;
			children = (
				0769CEC5212A123C0035AC22 /* Server */,
				0716DF7C21288B6D00D67504 /* Extensions */,
				0769CEC3212A121E0035AC22 /* QueueManager.swift */,
			);
			path = Mechanisms;
			sourceTree = "<group>";
		};
		0716DF7C21288B6D00D67504 /* Extensions */ = {
			isa = PBXGroup;
			children = (
				0716DF7D21288B7C00D67504 /* Calendar+Extension.swift */,
				0716DF852129BF4100D67504 /* UIViewController+Extension.swift */,
				0769CEC6212A19070035AC22 /* URLSession+Extension.swift */,
				0761A0E3212DFD7300C91C66 /* UserDefaults+Extension.swift */,
			);
			path = Extensions;
			sourceTree = "<group>";
		};
		0716DF8E2129C37200D67504 /* Frameworks */ = {
			isa = PBXGroup;
			children = (
				0716DF8F2129C37200D67504 /* NotificationCenter.framework */,
				13F50A94534CE26D0D1DD706 /* Pods_budgetWidget.framework */,
				848B3CB4E94FEF8C8C44FD2C /* Pods_nubankDailyLimitWidget.framework */,
			);
			name = Frameworks;
			sourceTree = "<group>";
		};
		0716DF912129C37200D67504 /* budgetWidget */ = {
			isa = PBXGroup;
			children = (
				0769CEBE2129CB330035AC22 /* budgetWidget.entitlements */,
				0716DF922129C37200D67504 /* DailyBudgetWidgetController.swift */,
				0716DF942129C37200D67504 /* MainInterface.storyboard */,
				0716DF972129C37200D67504 /* Info.plist */,
			);
			path = budgetWidget;
			sourceTree = "<group>";
		};
		0769CEBF212A11990035AC22 /* Model */ = {
			isa = PBXGroup;
			children = (
				0769CEC0212A11A60035AC22 /* Purchase.swift */,
				0769CED9212C4E630035AC22 /* SessionData.swift */,
			);
			path = Model;
			sourceTree = "<group>";
		};
		0769CEC5212A123C0035AC22 /* Server */ = {
			isa = PBXGroup;
			children = (
				0769CECB212A20CD0035AC22 /* NubankServer.swift */,
				0769CECE212A218C0035AC22 /* HTTPRequestManager.swift */,
				0769CED3212B5D660035AC22 /* ResponseParserManager.swift */,
				0769CED5212C3DDB0035AC22 /* RequestParserManager.swift */,
			);
			path = Server;
			sourceTree = "<group>";
		};
		6152829A80608B2178E67483 /* Pods */ = {
			isa = PBXGroup;
			children = (
				8E592C0DD37CBB14FB447FE9 /* Pods-budgetWidget.debug.xcconfig */,
				37A4FB7CD831731F50CBD003 /* Pods-budgetWidget.release.xcconfig */,
				DF66EE627B84683B484557EB /* Pods-nubankDailyLimitWidget.debug.xcconfig */,
				90067BDF6BC27C9E557FC03F /* Pods-nubankDailyLimitWidget.release.xcconfig */,
			);
			name = Pods;
			sourceTree = "<group>";
		};
/* End PBXGroup section */

/* Begin PBXNativeTarget section */
		0716DF612128865500D67504 /* nubankDailyLimitWidget */ = {
			isa = PBXNativeTarget;
			buildConfigurationList = 0716DF742128865700D67504 /* Build configuration list for PBXNativeTarget "nubankDailyLimitWidget" */;
			buildPhases = (
				EE6EE59200D34452A60E032A /* [CP] Check Pods Manifest.lock */,
				0716DF5E2128865500D67504 /* Sources */,
				0716DF5F2128865500D67504 /* Frameworks */,
				0716DF602128865500D67504 /* Resources */,
				0716DF9E2129C37200D67504 /* Embed App Extensions */,
				881885BFD8F6A46509A6005D /* [CP] Embed Pods Frameworks */,
			);
			buildRules = (
			);
			dependencies = (
				0716DF992129C37200D67504 /* PBXTargetDependency */,
			);
			name = nubankDailyLimitWidget;
			productName = nubankDailyLimitWidget;
			productReference = 0716DF622128865500D67504 /* nubankDailyLimitWidget.app */;
			productType = "com.apple.product-type.application";
		};
		0716DF8C2129C37200D67504 /* budgetWidget */ = {
			isa = PBXNativeTarget;
			buildConfigurationList = 0716DF9B2129C37200D67504 /* Build configuration list for PBXNativeTarget "budgetWidget" */;
			buildPhases = (
				EA151D5402C139099C52A3F9 /* [CP] Check Pods Manifest.lock */,
				0716DF892129C37200D67504 /* Sources */,
				0716DF8A2129C37200D67504 /* Frameworks */,
				0716DF8B2129C37200D67504 /* Resources */,
			);
			buildRules = (
			);
			dependencies = (
			);
			name = budgetWidget;
			productName = budgetWidget;
			productReference = 0716DF8D2129C37200D67504 /* budgetWidget.appex */;
			productType = "com.apple.product-type.app-extension";
		};
/* End PBXNativeTarget section */

/* Begin PBXProject section */
		0716DF5A2128865500D67504 /* Project object */ = {
			isa = PBXProject;
			attributes = {
				LastSwiftUpdateCheck = 0940;
				LastUpgradeCheck = 0940;
				ORGANIZATIONNAME = Teste;
				TargetAttributes = {
					0716DF612128865500D67504 = {
						CreatedOnToolsVersion = 9.4.1;
						SystemCapabilities = {
							com.apple.ApplicationGroups.iOS = {
								enabled = 1;
							};
							com.apple.Keychain = {
								enabled = 1;
							};
						};
					};
					0716DF8C2129C37200D67504 = {
						CreatedOnToolsVersion = 9.4.1;
						SystemCapabilities = {
							com.apple.ApplicationGroups.iOS = {
								enabled = 1;
							};
							com.apple.Keychain = {
								enabled = 1;
							};
						};
					};
				};
			};
			buildConfigurationList = 0716DF5D2128865500D67504 /* Build configuration list for PBXProject "nubankDailyLimitWidget" */;
			compatibilityVersion = "Xcode 9.3";
			developmentRegion = en;
			hasScannedForEncodings = 0;
			knownRegions = (
				en,
				Base,
			);
			mainGroup = 0716DF592128865500D67504;
			productRefGroup = 0716DF632128865500D67504 /* Products */;
			projectDirPath = "";
			projectRoot = "";
			targets = (
				0716DF612128865500D67504 /* nubankDailyLimitWidget */,
				0716DF8C2129C37200D67504 /* budgetWidget */,
			);
		};
/* End PBXProject section */

/* Begin PBXResourcesBuildPhase section */
		0716DF602128865500D67504 /* Resources */ = {
			isa = PBXResourcesBuildPhase;
			buildActionMask = 2147483647;
			files = (
				0716DF702128865700D67504 /* LaunchScreen.storyboard in Resources */,
				0716DF6D2128865700D67504 /* Assets.xcassets in Resources */,
				0716DF6B2128865500D67504 /* Main.storyboard in Resources */,
			);
			runOnlyForDeploymentPostprocessing = 0;
		};
		0716DF8B2129C37200D67504 /* Resources */ = {
			isa = PBXResourcesBuildPhase;
			buildActionMask = 2147483647;
			files = (
				0716DF962129C37200D67504 /* MainInterface.storyboard in Resources */,
			);
			runOnlyForDeploymentPostprocessing = 0;
		};
/* End PBXResourcesBuildPhase section */

/* Begin PBXShellScriptBuildPhase section */
		881885BFD8F6A46509A6005D /* [CP] Embed Pods Frameworks */ = {
			isa = PBXShellScriptBuildPhase;
			buildActionMask = 2147483647;
			files = (
			);
			inputPaths = (
				"${SRCROOT}/Pods/Target Support Files/Pods-nubankDailyLimitWidget/Pods-nubankDailyLimitWidget-frameworks.sh",
				"${BUILT_PRODUCTS_DIR}/SwiftyJSON/SwiftyJSON.framework",
			);
			name = "[CP] Embed Pods Frameworks";
			outputPaths = (
				"${TARGET_BUILD_DIR}/${FRAMEWORKS_FOLDER_PATH}/SwiftyJSON.framework",
			);
			runOnlyForDeploymentPostprocessing = 0;
			shellPath = /bin/sh;
			shellScript = "\"${SRCROOT}/Pods/Target Support Files/Pods-nubankDailyLimitWidget/Pods-nubankDailyLimitWidget-frameworks.sh\"\n";
			showEnvVarsInLog = 0;
		};
		EA151D5402C139099C52A3F9 /* [CP] Check Pods Manifest.lock */ = {
			isa = PBXShellScriptBuildPhase;
			buildActionMask = 2147483647;
			files = (
			);
			inputPaths = (
				"${PODS_PODFILE_DIR_PATH}/Podfile.lock",
				"${PODS_ROOT}/Manifest.lock",
			);
			name = "[CP] Check Pods Manifest.lock";
			outputPaths = (
				"$(DERIVED_FILE_DIR)/Pods-budgetWidget-checkManifestLockResult.txt",
			);
			runOnlyForDeploymentPostprocessing = 0;
			shellPath = /bin/sh;
			shellScript = "diff \"${PODS_PODFILE_DIR_PATH}/Podfile.lock\" \"${PODS_ROOT}/Manifest.lock\" > /dev/null\nif [ $? != 0 ] ; then\n    # print error to STDERR\n    echo \"error: The sandbox is not in sync with the Podfile.lock. Run 'pod install' or update your CocoaPods installation.\" >&2\n    exit 1\nfi\n# This output is used by Xcode 'outputs' to avoid re-running this script phase.\necho \"SUCCESS\" > \"${SCRIPT_OUTPUT_FILE_0}\"\n";
			showEnvVarsInLog = 0;
		};
		EE6EE59200D34452A60E032A /* [CP] Check Pods Manifest.lock */ = {
			isa = PBXShellScriptBuildPhase;
			buildActionMask = 2147483647;
			files = (
			);
			inputPaths = (
				"${PODS_PODFILE_DIR_PATH}/Podfile.lock",
				"${PODS_ROOT}/Manifest.lock",
			);
			name = "[CP] Check Pods Manifest.lock";
			outputPaths = (
				"$(DERIVED_FILE_DIR)/Pods-nubankDailyLimitWidget-checkManifestLockResult.txt",
			);
			runOnlyForDeploymentPostprocessing = 0;
			shellPath = /bin/sh;
			shellScript = "diff \"${PODS_PODFILE_DIR_PATH}/Podfile.lock\" \"${PODS_ROOT}/Manifest.lock\" > /dev/null\nif [ $? != 0 ] ; then\n    # print error to STDERR\n    echo \"error: The sandbox is not in sync with the Podfile.lock. Run 'pod install' or update your CocoaPods installation.\" >&2\n    exit 1\nfi\n# This output is used by Xcode 'outputs' to avoid re-running this script phase.\necho \"SUCCESS\" > \"${SCRIPT_OUTPUT_FILE_0}\"\n";
			showEnvVarsInLog = 0;
		};
/* End PBXShellScriptBuildPhase section */

/* Begin PBXSourcesBuildPhase section */
		0716DF5E2128865500D67504 /* Sources */ = {
			isa = PBXSourcesBuildPhase;
			buildActionMask = 2147483647;
			files = (
				0716DF862129BF4100D67504 /* UIViewController+Extension.swift in Sources */,
				0761A0E2212DFCD400C91C66 /* Constants.swift in Sources */,
				0716DF842129B8E000D67504 /* LoginViewController.swift in Sources */,
				0769CEC1212A11A60035AC22 /* Purchase.swift in Sources */,
				0769CECC212A20CD0035AC22 /* NubankServer.swift in Sources */,
				0769CECF212A218C0035AC22 /* HTTPRequestManager.swift in Sources */,
				0716DF802129B2C800D67504 /* NubankServices.swift in Sources */,
				0716DF7B21288B2900D67504 /* BudgetServices.swift in Sources */,
				0769CED4212B5D660035AC22 /* ResponseParserManager.swift in Sources */,
				0769CEC4212A121E0035AC22 /* QueueManager.swift in Sources */,
				0716DF7E21288B7C00D67504 /* Calendar+Extension.swift in Sources */,
				0769CEDA212C4E630035AC22 /* SessionData.swift in Sources */,
				0716DF682128865500D67504 /* ChooseLimitViewController.swift in Sources */,
				0769CED6212C3DDB0035AC22 /* RequestParserManager.swift in Sources */,
				0716DF822129B53300D67504 /* NubankPlannerError.swift in Sources */,
				0716DF662128865500D67504 /* AppDelegate.swift in Sources */,
				0761A0E4212DFD7300C91C66 /* UserDefaults+Extension.swift in Sources */,
				0769CEC7212A19070035AC22 /* URLSession+Extension.swift in Sources */,
			);
			runOnlyForDeploymentPostprocessing = 0;
		};
		0716DF892129C37200D67504 /* Sources */ = {
			isa = PBXSourcesBuildPhase;
			buildActionMask = 2147483647;
			files = (
				0769CECA212A197B0035AC22 /* QueueManager.swift in Sources */,
				0769CECD212A21050035AC22 /* NubankServer.swift in Sources */,
				0769CEDB212C4EB10035AC22 /* SessionData.swift in Sources */,
				0769CEBA2129C8600035AC22 /* BudgetServices.swift in Sources */,
				0716DF932129C37200D67504 /* DailyBudgetWidgetController.swift in Sources */,
				0769CED8212C40CF0035AC22 /* RequestParserManager.swift in Sources */,
				0769CEC2212A12010035AC22 /* Purchase.swift in Sources */,
				0761A0E6212DFE3200C91C66 /* Constants.swift in Sources */,
				0769CED7212C40CD0035AC22 /* ResponseParserManager.swift in Sources */,
				0769CEBC2129C96D0035AC22 /* NubankPlannerError.swift in Sources */,
				0769CEC9212A19740035AC22 /* URLSession+Extension.swift in Sources */,
				0769CEC8212A19710035AC22 /* UIViewController+Extension.swift in Sources */,
				0769CEBB2129C8600035AC22 /* NubankServices.swift in Sources */,
				0769CED0212A40BD0035AC22 /* HTTPRequestManager.swift in Sources */,
				0761A0E5212DFE2900C91C66 /* UserDefaults+Extension.swift in Sources */,
				0769CEB92129C85B0035AC22 /* Calendar+Extension.swift in Sources */,
			);
			runOnlyForDeploymentPostprocessing = 0;
		};
/* End PBXSourcesBuildPhase section */

/* Begin PBXTargetDependency section */
		0716DF992129C37200D67504 /* PBXTargetDependency */ = {
			isa = PBXTargetDependency;
			target = 0716DF8C2129C37200D67504 /* budgetWidget */;
			targetProxy = 0716DF982129C37200D67504 /* PBXContainerItemProxy */;
		};
/* End PBXTargetDependency section */

/* Begin PBXVariantGroup section */
		0716DF692128865500D67504 /* Main.storyboard */ = {
			isa = PBXVariantGroup;
			children = (
				0716DF6A2128865500D67504 /* Base */,
			);
			name = Main.storyboard;
			sourceTree = "<group>";
		};
		0716DF6E2128865700D67504 /* LaunchScreen.storyboard */ = {
			isa = PBXVariantGroup;
			children = (
				0716DF6F2128865700D67504 /* Base */,
			);
			name = LaunchScreen.storyboard;
			sourceTree = "<group>";
		};
		0716DF942129C37200D67504 /* MainInterface.storyboard */ = {
			isa = PBXVariantGroup;
			children = (
				0716DF952129C37200D67504 /* Base */,
			);
			name = MainInterface.storyboard;
			sourceTree = "<group>";
		};
/* End PBXVariantGroup section */

/* Begin XCBuildConfiguration section */
		0716DF722128865700D67504 /* Debug */ = {
			isa = XCBuildConfiguration;
			buildSettings = {
				ALWAYS_SEARCH_USER_PATHS = NO;
				CLANG_ANALYZER_NONNULL = YES;
				CLANG_ANALYZER_NUMBER_OBJECT_CONVERSION = YES_AGGRESSIVE;
				CLANG_CXX_LANGUAGE_STANDARD = "gnu++14";
				CLANG_CXX_LIBRARY = "libc++";
				CLANG_ENABLE_MODULES = YES;
				CLANG_ENABLE_OBJC_ARC = YES;
				CLANG_ENABLE_OBJC_WEAK = YES;
				CLANG_WARN_BLOCK_CAPTURE_AUTORELEASING = YES;
				CLANG_WARN_BOOL_CONVERSION = YES;
				CLANG_WARN_COMMA = YES;
				CLANG_WARN_CONSTANT_CONVERSION = YES;
				CLANG_WARN_DEPRECATED_OBJC_IMPLEMENTATIONS = YES;
				CLANG_WARN_DIRECT_OBJC_ISA_USAGE = YES_ERROR;
				CLANG_WARN_DOCUMENTATION_COMMENTS = YES;
				CLANG_WARN_EMPTY_BODY = YES;
				CLANG_WARN_ENUM_CONVERSION = YES;
				CLANG_WARN_INFINITE_RECURSION = YES;
				CLANG_WARN_INT_CONVERSION = YES;
				CLANG_WARN_NON_LITERAL_NULL_CONVERSION = YES;
				CLANG_WARN_OBJC_IMPLICIT_RETAIN_SELF = YES;
				CLANG_WARN_OBJC_LITERAL_CONVERSION = YES;
				CLANG_WARN_OBJC_ROOT_CLASS = YES_ERROR;
				CLANG_WARN_RANGE_LOOP_ANALYSIS = YES;
				CLANG_WARN_STRICT_PROTOTYPES = YES;
				CLANG_WARN_SUSPICIOUS_MOVE = YES;
				CLANG_WARN_UNGUARDED_AVAILABILITY = YES_AGGRESSIVE;
				CLANG_WARN_UNREACHABLE_CODE = YES;
				CLANG_WARN__DUPLICATE_METHOD_MATCH = YES;
				CODE_SIGN_IDENTITY = "iPhone Developer";
				COPY_PHASE_STRIP = NO;
				DEBUG_INFORMATION_FORMAT = dwarf;
				ENABLE_STRICT_OBJC_MSGSEND = YES;
				ENABLE_TESTABILITY = YES;
				GCC_C_LANGUAGE_STANDARD = gnu11;
				GCC_DYNAMIC_NO_PIC = NO;
				GCC_NO_COMMON_BLOCKS = YES;
				GCC_OPTIMIZATION_LEVEL = 0;
				GCC_PREPROCESSOR_DEFINITIONS = (
					"DEBUG=1",
					"$(inherited)",
				);
				GCC_WARN_64_TO_32_BIT_CONVERSION = YES;
				GCC_WARN_ABOUT_RETURN_TYPE = YES_ERROR;
				GCC_WARN_UNDECLARED_SELECTOR = YES;
				GCC_WARN_UNINITIALIZED_AUTOS = YES_AGGRESSIVE;
				GCC_WARN_UNUSED_FUNCTION = YES;
				GCC_WARN_UNUSED_VARIABLE = YES;
				IPHONEOS_DEPLOYMENT_TARGET = 11.4;
				MTL_ENABLE_DEBUG_INFO = YES;
				ONLY_ACTIVE_ARCH = YES;
				SDKROOT = iphoneos;
				SWIFT_ACTIVE_COMPILATION_CONDITIONS = DEBUG;
				SWIFT_OPTIMIZATION_LEVEL = "-Onone";
			};
			name = Debug;
		};
		0716DF732128865700D67504 /* Release */ = {
			isa = XCBuildConfiguration;
			buildSettings = {
				ALWAYS_SEARCH_USER_PATHS = NO;
				CLANG_ANALYZER_NONNULL = YES;
				CLANG_ANALYZER_NUMBER_OBJECT_CONVERSION = YES_AGGRESSIVE;
				CLANG_CXX_LANGUAGE_STANDARD = "gnu++14";
				CLANG_CXX_LIBRARY = "libc++";
				CLANG_ENABLE_MODULES = YES;
				CLANG_ENABLE_OBJC_ARC = YES;
				CLANG_ENABLE_OBJC_WEAK = YES;
				CLANG_WARN_BLOCK_CAPTURE_AUTORELEASING = YES;
				CLANG_WARN_BOOL_CONVERSION = YES;
				CLANG_WARN_COMMA = YES;
				CLANG_WARN_CONSTANT_CONVERSION = YES;
				CLANG_WARN_DEPRECATED_OBJC_IMPLEMENTATIONS = YES;
				CLANG_WARN_DIRECT_OBJC_ISA_USAGE = YES_ERROR;
				CLANG_WARN_DOCUMENTATION_COMMENTS = YES;
				CLANG_WARN_EMPTY_BODY = YES;
				CLANG_WARN_ENUM_CONVERSION = YES;
				CLANG_WARN_INFINITE_RECURSION = YES;
				CLANG_WARN_INT_CONVERSION = YES;
				CLANG_WARN_NON_LITERAL_NULL_CONVERSION = YES;
				CLANG_WARN_OBJC_IMPLICIT_RETAIN_SELF = YES;
				CLANG_WARN_OBJC_LITERAL_CONVERSION = YES;
				CLANG_WARN_OBJC_ROOT_CLASS = YES_ERROR;
				CLANG_WARN_RANGE_LOOP_ANALYSIS = YES;
				CLANG_WARN_STRICT_PROTOTYPES = YES;
				CLANG_WARN_SUSPICIOUS_MOVE = YES;
				CLANG_WARN_UNGUARDED_AVAILABILITY = YES_AGGRESSIVE;
				CLANG_WARN_UNREACHABLE_CODE = YES;
				CLANG_WARN__DUPLICATE_METHOD_MATCH = YES;
				CODE_SIGN_IDENTITY = "iPhone Developer";
				COPY_PHASE_STRIP = NO;
				DEBUG_INFORMATION_FORMAT = "dwarf-with-dsym";
				ENABLE_NS_ASSERTIONS = NO;
				ENABLE_STRICT_OBJC_MSGSEND = YES;
				GCC_C_LANGUAGE_STANDARD = gnu11;
				GCC_NO_COMMON_BLOCKS = YES;
				GCC_WARN_64_TO_32_BIT_CONVERSION = YES;
				GCC_WARN_ABOUT_RETURN_TYPE = YES_ERROR;
				GCC_WARN_UNDECLARED_SELECTOR = YES;
				GCC_WARN_UNINITIALIZED_AUTOS = YES_AGGRESSIVE;
				GCC_WARN_UNUSED_FUNCTION = YES;
				GCC_WARN_UNUSED_VARIABLE = YES;
				IPHONEOS_DEPLOYMENT_TARGET = 11.4;
				MTL_ENABLE_DEBUG_INFO = NO;
				SDKROOT = iphoneos;
				SWIFT_COMPILATION_MODE = wholemodule;
				SWIFT_OPTIMIZATION_LEVEL = "-O";
				VALIDATE_PRODUCT = YES;
			};
			name = Release;
		};
		0716DF752128865700D67504 /* Debug */ = {
			isa = XCBuildConfiguration;
			baseConfigurationReference = DF66EE627B84683B484557EB /* Pods-nubankDailyLimitWidget.debug.xcconfig */;
			buildSettings = {
				ALWAYS_EMBED_SWIFT_STANDARD_LIBRARIES = NO;
				ASSETCATALOG_COMPILER_APPICON_NAME = AppIcon;
				CODE_SIGN_ENTITLEMENTS = nubankDailyLimitWidget/nubankDailyLimitWidget.entitlements;
				CODE_SIGN_STYLE = Automatic;
				DEVELOPMENT_TEAM = WUMTT3EPGZ;
				INFOPLIST_FILE = nubankDailyLimitWidget/Info.plist;
				LD_RUNPATH_SEARCH_PATHS = (
					"$(inherited)",
					"@executable_path/Frameworks",
				);
				PRODUCT_BUNDLE_IDENTIFIER = br.com.cadumillani.nubankDailyLimitWidget;
				PRODUCT_NAME = "$(TARGET_NAME)";
				SWIFT_VERSION = 4.0;
				TARGETED_DEVICE_FAMILY = "1,2";
			};
			name = Debug;
		};
		0716DF762128865700D67504 /* Release */ = {
			isa = XCBuildConfiguration;
			baseConfigurationReference = 90067BDF6BC27C9E557FC03F /* Pods-nubankDailyLimitWidget.release.xcconfig */;
			buildSettings = {
				ALWAYS_EMBED_SWIFT_STANDARD_LIBRARIES = NO;
				ASSETCATALOG_COMPILER_APPICON_NAME = AppIcon;
				CODE_SIGN_ENTITLEMENTS = nubankDailyLimitWidget/nubankDailyLimitWidget.entitlements;
				CODE_SIGN_STYLE = Automatic;
				DEVELOPMENT_TEAM = WUMTT3EPGZ;
				INFOPLIST_FILE = nubankDailyLimitWidget/Info.plist;
				LD_RUNPATH_SEARCH_PATHS = (
					"$(inherited)",
					"@executable_path/Frameworks",
				);
				PRODUCT_BUNDLE_IDENTIFIER = br.com.cadumillani.nubankDailyLimitWidget;
				PRODUCT_NAME = "$(TARGET_NAME)";
				SWIFT_VERSION = 4.0;
				TARGETED_DEVICE_FAMILY = "1,2";
			};
			name = Release;
		};
		0716DF9C2129C37200D67504 /* Debug */ = {
			isa = XCBuildConfiguration;
			baseConfigurationReference = 8E592C0DD37CBB14FB447FE9 /* Pods-budgetWidget.debug.xcconfig */;
			buildSettings = {
				CODE_SIGN_ENTITLEMENTS = budgetWidget/budgetWidget.entitlements;
				CODE_SIGN_STYLE = Automatic;
				DEVELOPMENT_TEAM = WUMTT3EPGZ;
				INFOPLIST_FILE = budgetWidget/Info.plist;
				LD_RUNPATH_SEARCH_PATHS = (
					"$(inherited)",
					"@executable_path/Frameworks",
					"@executable_path/../../Frameworks",
				);
				PRODUCT_BUNDLE_IDENTIFIER = br.com.cadumillani.nubankDailyLimitWidget.budgetWidget;
				PRODUCT_NAME = "$(TARGET_NAME)";
				SKIP_INSTALL = YES;
				SWIFT_VERSION = 4.0;
				TARGETED_DEVICE_FAMILY = "1,2";
			};
			name = Debug;
		};
		0716DF9D2129C37200D67504 /* Release */ = {
			isa = XCBuildConfiguration;
			baseConfigurationReference = 37A4FB7CD831731F50CBD003 /* Pods-budgetWidget.release.xcconfig */;
			buildSettings = {
				CODE_SIGN_ENTITLEMENTS = budgetWidget/budgetWidget.entitlements;
				CODE_SIGN_STYLE = Automatic;
				DEVELOPMENT_TEAM = WUMTT3EPGZ;
				INFOPLIST_FILE = budgetWidget/Info.plist;
				LD_RUNPATH_SEARCH_PATHS = (
					"$(inherited)",
					"@executable_path/Frameworks",
					"@executable_path/../../Frameworks",
				);
				PRODUCT_BUNDLE_IDENTIFIER = br.com.cadumillani.nubankDailyLimitWidget.budgetWidget;
				PRODUCT_NAME = "$(TARGET_NAME)";
				SKIP_INSTALL = YES;
				SWIFT_VERSION = 4.0;
				TARGETED_DEVICE_FAMILY = "1,2";
			};
			name = Release;
		};
/* End XCBuildConfiguration section */

/* Begin XCConfigurationList section */
		0716DF5D2128865500D67504 /* Build configuration list for PBXProject "nubankDailyLimitWidget" */ = {
			isa = XCConfigurationList;
			buildConfigurations = (
				0716DF722128865700D67504 /* Debug */,
				0716DF732128865700D67504 /* Release */,
			);
			defaultConfigurationIsVisible = 0;
			defaultConfigurationName = Release;
		};
		0716DF742128865700D67504 /* Build configuration list for PBXNativeTarget "nubankDailyLimitWidget" */ = {
			isa = XCConfigurationList;
			buildConfigurations = (
				0716DF752128865700D67504 /* Debug */,
				0716DF762128865700D67504 /* Release */,
			);
			defaultConfigurationIsVisible = 0;
			defaultConfigurationName = Release;
		};
		0716DF9B2129C37200D67504 /* Build configuration list for PBXNativeTarget "budgetWidget" */ = {
			isa = XCConfigurationList;
			buildConfigurations = (
				0716DF9C2129C37200D67504 /* Debug */,
				0716DF9D2129C37200D67504 /* Release */,
			);
			defaultConfigurationIsVisible = 0;
			defaultConfigurationName = Release;
		};
/* End XCConfigurationList section */
	};
	rootObject = 0716DF5A2128865500D67504 /* Project object */;
}
